{
  "object": {
    "pins": [
      {
        "package": "SDWebImage",
        "repositoryURL": "https://github.com/SDWebImage/SDWebImage",
        "state": {
          "branch": null,
          "revision": "39370d1af85734dffe0e3f89b389976da461be3f",
          "version": "5.7.3"
        }
      }
    ]
  },
  "version": 1
}
