<?xml version="1.0" encoding="UTF-8"?>
<Scheme
   version = "1.3">
   <BuildAction>
      <BuildActionEntries>
         <BuildActionEntry
            buildForRunning = "YES">
            <BuildableReference
               BuildableIdentifier = "primary"
               BlueprintIdentifier = "D118CDB4244E2B7900CBB0CB"
               BuildableName = "PokeFigures.app"
               BlueprintName = "PokeFigures"
               ReferencedContainer = "container:PokeFigures.xcodeproj">
            </BuildableReference>
         </BuildActionEntry>
      </BuildActionEntries>
   </BuildAction>
   <LaunchAction
      useCustomWorkingDirectory = "NO"
      buildConfiguration = "Debug"
      allowLocationSimulation = "YES">
      <BuildableProductRunnable>
         <BuildableReference
            BuildableIdentifier = "primary"
            BlueprintIdentifier = "D118CDB4244E2B7900CBB0CB"
            BuildableName = "PokeFigures.app"
            BlueprintName = "PokeFigures"
            ReferencedContainer = "container:PokeFigures.xcodeproj">
         </BuildableReference>
      </BuildableProductRunnable>
   </LaunchAction>
</Scheme>
